
Microsoft Visual Studio Solution File, Format Version 12.00
# Visual Studio Version 17
VisualStudioVersion = 17.0.32014.148
MinimumVisualStudioVersion = 10.0.40219.1
Project("{9A19103F-16F7-4668-BE54-9A1E7A4F7556}") = "E-Sourcing.Products", "E-SourcingMicroServices\E-Sourcing.Products.csproj", "{CECE9002-DF73-4881-A103-0548CB6EA51B}"
EndProject
Project("{2150E333-8FDC-42A3-9474-1A3956D46DE8}") = "Products", "Products", "{2A2E4818-F72F-47A4-A58D-2BAAE766EDF9}"
EndProject
Project("{2150E333-8FDC-42A3-9474-1A3956D46DE8}") = "src", "src", "{50D3F704-D9E9-4818-867B-0D511316B217}"
EndProject
Project("{2150E333-8FDC-42A3-9474-1A3956D46DE8}") = "Services", "Services", "{737D6698-FEB6-4752-B139-95E7CBF4E4FC}"
EndProject
Project("{2150E333-8FDC-42A3-9474-1A3956D46DE8}") = "ApiGateway", "ApiGateway", "{61670E6B-E3C8-4190-A809-A80596779D19}"
EndProject
Project("{2150E333-8FDC-42A3-9474-1A3956D46DE8}") = "WebApp", "WebApp", "{4C7E4B10-4288-4DB5-88B2-5004051F8C4E}"
EndProject
Project("{2150E333-8FDC-42A3-9474-1A3956D46DE8}") = "Common", "Common", "{C0A24FC9-1466-47CF-BD6C-BD72537EE9AE}"
EndProject
Project("{2150E333-8FDC-42A3-9474-1A3956D46DE8}") = "Order", "Order", "{24EFBFBD-D9D7-4181-BB0D-A470EA886C9F}"
EndProject
Project("{2150E333-8FDC-42A3-9474-1A3956D46DE8}") = "Sourcing", "Sourcing", "{0D5E668B-8E48-43F1-A6CD-301E72861BEE}"
EndProject
Project("{E53339B2-1760-4266-BCC7-CA923CBCF16C}") = "docker-compose", "docker-compose.dcproj", "{3185823A-7BD6-4FD2-8165-3F9F6BB50F73}"
EndProject
Global
	GlobalSection(SolutionConfigurationPlatforms) = preSolution
		Debug|Any CPU = Debug|Any CPU
		Release|Any CPU = Release|Any CPU
	EndGlobalSection
	GlobalSection(ProjectConfigurationPlatforms) = postSolution
		{CECE9002-DF73-4881-A103-0548CB6EA51B}.Debug|Any CPU.ActiveCfg = Debug|Any CPU
		{CECE9002-DF73-4881-A103-0548CB6EA51B}.Debug|Any CPU.Build.0 = Debug|Any CPU
		{CECE9002-DF73-4881-A103-0548CB6EA51B}.Release|Any CPU.ActiveCfg = Release|Any CPU
		{CECE9002-DF73-4881-A103-0548CB6EA51B}.Release|Any CPU.Build.0 = Release|Any CPU
		{3185823A-7BD6-4FD2-8165-3F9F6BB50F73}.Debug|Any CPU.ActiveCfg = Debug|Any CPU
		{3185823A-7BD6-4FD2-8165-3F9F6BB50F73}.Debug|Any CPU.Build.0 = Debug|Any CPU
		{3185823A-7BD6-4FD2-8165-3F9F6BB50F73}.Release|Any CPU.ActiveCfg = Release|Any CPU
		{3185823A-7BD6-4FD2-8165-3F9F6BB50F73}.Release|Any CPU.Build.0 = Release|Any CPU
	EndGlobalSection
	GlobalSection(SolutionProperties) = preSolution
		HideSolutionNode = FALSE
	EndGlobalSection
	GlobalSection(NestedProjects) = preSolution
		{CECE9002-DF73-4881-A103-0548CB6EA51B} = {2A2E4818-F72F-47A4-A58D-2BAAE766EDF9}
		{2A2E4818-F72F-47A4-A58D-2BAAE766EDF9} = {737D6698-FEB6-4752-B139-95E7CBF4E4FC}
		{737D6698-FEB6-4752-B139-95E7CBF4E4FC} = {50D3F704-D9E9-4818-867B-0D511316B217}
		{61670E6B-E3C8-4190-A809-A80596779D19} = {50D3F704-D9E9-4818-867B-0D511316B217}
		{4C7E4B10-4288-4DB5-88B2-5004051F8C4E} = {50D3F704-D9E9-4818-867B-0D511316B217}
		{C0A24FC9-1466-47CF-BD6C-BD72537EE9AE} = {737D6698-FEB6-4752-B139-95E7CBF4E4FC}
		{24EFBFBD-D9D7-4181-BB0D-A470EA886C9F} = {737D6698-FEB6-4752-B139-95E7CBF4E4FC}
		{0D5E668B-8E48-43F1-A6CD-301E72861BEE} = {737D6698-FEB6-4752-B139-95E7CBF4E4FC}
	EndGlobalSection
	GlobalSection(ExtensibilityGlobals) = postSolution
		SolutionGuid = {4F945ECD-607A-44AC-B128-1707B4CDA5F4}
	EndGlobalSection
EndGlobal
